
Microsoft Visual Studio Solution File, Format Version 12.00
# Visual Studio Version 17
VisualStudioVersion = 17.11.35312.102
MinimumVisualStudioVersion = 10.0.40219.1
Project("{FAE04EC0-301F-11D3-BF4B-00C04F79EFBC}") = "SampleCrudStoreAspNetCore8WithIndentity", "SampleCrudStoreAspNetCore8WithIndentity.csproj", "{DA8CF054-3189-4C57-9D2B-B2D938DEBA58}"
EndProject
Global
	GlobalSection(SolutionConfigurationPlatforms) = preSolution
		Debug|Any CPU = Debug|Any CPU
		Release|Any CPU = Release|Any CPU
	EndGlobalSection
	GlobalSection(ProjectConfigurationPlatforms) = postSolution
		{DA8CF054-3189-4C57-9D2B-B2D938DEBA58}.Debug|Any CPU.ActiveCfg = Debug|Any CPU
		{DA8CF054-3189-4C57-9D2B-B2D938DEBA58}.Debug|Any CPU.Build.0 = Debug|Any CPU
		{DA8CF054-3189-4C57-9D2B-B2D938DEBA58}.Release|Any CPU.ActiveCfg = Release|Any CPU
		{DA8CF054-3189-4C57-9D2B-B2D938DEBA58}.Release|Any CPU.Build.0 = Release|Any CPU
	EndGlobalSection
	GlobalSection(SolutionProperties) = preSolution
		HideSolutionNode = FALSE
	EndGlobalSection
	GlobalSection(ExtensibilityGlobals) = postSolution
		SolutionGuid = {1AEB7598-01B4-45FD-8D0E-2E4CAED82A7B}
	EndGlobalSection
EndGlobal
